
Microsoft Visual Studio Solution File, Format Version 12.00
# Visual Studio Version 16
VisualStudioVersion = 16.0.30011.22
MinimumVisualStudioVersion = 10.0.40219.1
Project("{8BC9CEB8-8B4A-11D0-8D11-00A0C91BC942}") = "DemoPACppLib", "DemoPACppLib\DemoPACppLib.vcxproj", "{4827D936-2969-4003-BEBD-76AB10B27418}"
EndProject
Global
	GlobalSection(SolutionConfigurationPlatforms) = preSolution
		Debug|x64 = Debug|x64
		Debug|x86 = Debug|x86
		Release|x64 = Release|x64
		Release|x86 = Release|x86
	EndGlobalSection
	GlobalSection(ProjectConfigurationPlatforms) = postSolution
		{4827D936-2969-4003-BEBD-76AB10B27418}.Debug|x64.ActiveCfg = Debug|x64
		{4827D936-2969-4003-BEBD-76AB10B27418}.Debug|x64.Build.0 = Debug|x64
		{4827D936-2969-4003-BEBD-76AB10B27418}.Debug|x86.ActiveCfg = Debug|Win32
		{4827D936-2969-4003-BEBD-76AB10B27418}.Debug|x86.Build.0 = Debug|Win32
		{4827D936-2969-4003-BEBD-76AB10B27418}.Release|x64.ActiveCfg = Release|x64
		{4827D936-2969-4003-BEBD-76AB10B27418}.Release|x64.Build.0 = Release|x64
		{4827D936-2969-4003-BEBD-76AB10B27418}.Release|x86.ActiveCfg = Release|Win32
		{4827D936-2969-4003-BEBD-76AB10B27418}.Release|x86.Build.0 = Release|Win32
	EndGlobalSection
	GlobalSection(SolutionProperties) = preSolution
		HideSolutionNode = FALSE
	EndGlobalSection
	GlobalSection(ExtensibilityGlobals) = postSolution
		SolutionGuid = {1D9345B4-C55D-4C71-8022-76D170F4F85E}
	EndGlobalSection
EndGlobal
